# generated by rye
# use `rye lock` or `rye sync` to update this lockfile
#
# last locked with the following flags:
#   pre: false
#   features: []
#   all-features: true
#   with-sources: false
#   generate-hashes: false
#   universal: false

-e file:.
aiofiles==23.2.1
    # via shazamio
aiohttp==3.9.3
    # via aiohttp-retry
    # via lib-sync
    # via shazamio
aiohttp-retry==2.9.1
    # via shazamio
aiosignal==1.4.0
    # via aiohttp
annotated-types==0.7.0
    # via pydantic
anyio==4.3.0
    # via shazamio
attrs==25.3.0
    # via aiohttp
certifi==2025.6.15
    # via requests
charset-normalizer==3.4.2
    # via requests
colorama==0.4.6
    # via lib-sync
dataclass-factory==2.16
    # via shazamio
ffmpeg-python==0.2.0
    # via lib-sync
frozenlist==1.7.0
    # via aiohttp
    # via aiosignal
future==1.0.0
    # via ffmpeg-python
idna==3.10
    # via anyio
    # via requests
    # via yarl
multidict==6.6.3
    # via aiohttp
    # via yarl
numpy==2.1.2
    # via shazamio
propcache==0.3.2
    # via yarl
pydantic==2.9.2
    # via shazamio
pydantic-core==2.23.4
    # via pydantic
pydub==0.25.1
    # via shazamio
python-dotenv==1.0.0
    # via lib-sync
redis==6.2.0
    # via spotipy
requests==2.32.4
    # via spotipy
shazamio==0.7.0
    # via lib-sync
shazamio-core==1.1.2
    # via shazamio
six==1.17.0
    # via spotipy
sniffio==1.3.1
    # via anyio
spotipy==2.23.0
    # via lib-sync
tqdm==4.62.3
    # via lib-sync
typing-extensions==4.14.1
    # via aiosignal
    # via pydantic
    # via pydantic-core
urllib3==2.5.0
    # via requests
    # via spotipy
yarl==1.20.1
    # via aiohttp
yt-dlp==2025.6.9
    # via lib-sync
